
Microsoft Visual Studio Solution File, Format Version 12.00
# Visual Studio 14
VisualStudioVersion = 14.0.25123.0
MinimumVisualStudioVersion = 10.0.40219.1
Project("{FAE04EC0-301F-11D3-BF4B-00C04F79EFBC}") = "InFundWebPlatform", "WebApplication1\InFundWebPlatform.csproj", "{712AF16B-97D3-49CB-BACE-6E95C921F7B2}"
EndProject
Project("{FAE04EC0-301F-11D3-BF4B-00C04F79EFBC}") = "InFundWebCode", "ClassLibrary1\InFundWebCode.csproj", "{6B80D2C2-A210-49F0-B7FC-20BDDC7CB54E}"
EndProject
Global
	GlobalSection(SolutionConfigurationPlatforms) = preSolution
		Debug|Any CPU = Debug|Any CPU
		Release|Any CPU = Release|Any CPU
	EndGlobalSection
	GlobalSection(ProjectConfigurationPlatforms) = postSolution
		{712AF16B-97D3-49CB-BACE-6E95C921F7B2}.Debug|Any CPU.ActiveCfg = Debug|Any CPU
		{712AF16B-97D3-49CB-BACE-6E95C921F7B2}.Debug|Any CPU.Build.0 = Debug|Any CPU
		{712AF16B-97D3-49CB-BACE-6E95C921F7B2}.Release|Any CPU.ActiveCfg = Release|Any CPU
		{712AF16B-97D3-49CB-BACE-6E95C921F7B2}.Release|Any CPU.Build.0 = Release|Any CPU
		{6B80D2C2-A210-49F0-B7FC-20BDDC7CB54E}.Debug|Any CPU.ActiveCfg = Debug|Any CPU
		{6B80D2C2-A210-49F0-B7FC-20BDDC7CB54E}.Debug|Any CPU.Build.0 = Debug|Any CPU
		{6B80D2C2-A210-49F0-B7FC-20BDDC7CB54E}.Release|Any CPU.ActiveCfg = Release|Any CPU
		{6B80D2C2-A210-49F0-B7FC-20BDDC7CB54E}.Release|Any CPU.Build.0 = Release|Any CPU
	EndGlobalSection
	GlobalSection(SolutionProperties) = preSolution
		HideSolutionNode = FALSE
	EndGlobalSection
EndGlobal
